
Microsoft Visual Studio Solution File, Format Version 12.00
# Visual Studio Version 16
VisualStudioVersion = 16.0.31624.102
MinimumVisualStudioVersion = 10.0.40219.1
Project("{8BC9CEB8-8B4A-11D0-8D11-00A0C91BC942}") = "Task1", "Task1\Task1.vcxproj", "{EE6BFD3A-513F-4FC9-A330-96DB0247CD38}"
EndProject
Project("{8BC9CEB8-8B4A-11D0-8D11-00A0C91BC942}") = "Task2", "Task2\Task2.vcxproj", "{FDE2494B-4018-4137-A82F-F845655610AE}"
EndProject
Project("{8BC9CEB8-8B4A-11D0-8D11-00A0C91BC942}") = "Task3", "Task3\Task3.vcxproj", "{463E9496-97CE-455F-B83D-26EBF0D2F4FB}"
EndProject
Project("{8BC9CEB8-8B4A-11D0-8D11-00A0C91BC942}") = "Task4", "Task4\Task4.vcxproj", "{3758C063-E7F9-4A6B-9945-91850587BD56}"
EndProject
Project("{8BC9CEB8-8B4A-11D0-8D11-00A0C91BC942}") = "Task5", "Task5\Task5.vcxproj", "{85C7D41E-8DB2-490C-8F5B-6B3AC3A4D36A}"
EndProject
Project("{8BC9CEB8-8B4A-11D0-8D11-00A0C91BC942}") = "Task6", "Task6\Task6.vcxproj", "{ED35AB47-A821-47C0-B823-E7D41CC2501B}"
EndProject
Project("{8BC9CEB8-8B4A-11D0-8D11-00A0C91BC942}") = "Task7", "Task7\Task7.vcxproj", "{4A96BCF6-1A8A-4A58-835E-EB29285E0C08}"
EndProject
Project("{8BC9CEB8-8B4A-11D0-8D11-00A0C91BC942}") = "Task8", "Task8\Task8.vcxproj", "{D51C37CE-2E2C-4977-A90C-3EB0339890CA}"
EndProject
Project("{8BC9CEB8-8B4A-11D0-8D11-00A0C91BC942}") = "Task9", "Task9\Task9.vcxproj", "{56744ED6-E3F9-4B17-B3C5-2546B072814A}"
EndProject
Global
	GlobalSection(SolutionConfigurationPlatforms) = preSolution
		Debug|x64 = Debug|x64
		Debug|x86 = Debug|x86
		Release|x64 = Release|x64
		Release|x86 = Release|x86
	EndGlobalSection
	GlobalSection(ProjectConfigurationPlatforms) = postSolution
		{EE6BFD3A-513F-4FC9-A330-96DB0247CD38}.Debug|x64.ActiveCfg = Debug|x64
		{EE6BFD3A-513F-4FC9-A330-96DB0247CD38}.Debug|x64.Build.0 = Debug|x64
		{EE6BFD3A-513F-4FC9-A330-96DB0247CD38}.Debug|x86.ActiveCfg = Debug|Win32
		{EE6BFD3A-513F-4FC9-A330-96DB0247CD38}.Debug|x86.Build.0 = Debug|Win32
		{EE6BFD3A-513F-4FC9-A330-96DB0247CD38}.Release|x64.ActiveCfg = Release|x64
		{EE6BFD3A-513F-4FC9-A330-96DB0247CD38}.Release|x64.Build.0 = Release|x64
		{EE6BFD3A-513F-4FC9-A330-96DB0247CD38}.Release|x86.ActiveCfg = Release|Win32
		{EE6BFD3A-513F-4FC9-A330-96DB0247CD38}.Release|x86.Build.0 = Release|Win32
		{FDE2494B-4018-4137-A82F-F845655610AE}.Debug|x64.ActiveCfg = Debug|x64
		{FDE2494B-4018-4137-A82F-F845655610AE}.Debug|x64.Build.0 = Debug|x64
		{FDE2494B-4018-4137-A82F-F845655610AE}.Debug|x86.ActiveCfg = Debug|Win32
		{FDE2494B-4018-4137-A82F-F845655610AE}.Debug|x86.Build.0 = Debug|Win32
		{FDE2494B-4018-4137-A82F-F845655610AE}.Release|x64.ActiveCfg = Release|x64
		{FDE2494B-4018-4137-A82F-F845655610AE}.Release|x64.Build.0 = Release|x64
		{FDE2494B-4018-4137-A82F-F845655610AE}.Release|x86.ActiveCfg = Release|Win32
		{FDE2494B-4018-4137-A82F-F845655610AE}.Release|x86.Build.0 = Release|Win32
		{463E9496-97CE-455F-B83D-26EBF0D2F4FB}.Debug|x64.ActiveCfg = Debug|x64
		{463E9496-97CE-455F-B83D-26EBF0D2F4FB}.Debug|x64.Build.0 = Debug|x64
		{463E9496-97CE-455F-B83D-26EBF0D2F4FB}.Debug|x86.ActiveCfg = Debug|Win32
		{463E9496-97CE-455F-B83D-26EBF0D2F4FB}.Debug|x86.Build.0 = Debug|Win32
		{463E9496-97CE-455F-B83D-26EBF0D2F4FB}.Release|x64.ActiveCfg = Release|x64
		{463E9496-97CE-455F-B83D-26EBF0D2F4FB}.Release|x64.Build.0 = Release|x64
		{463E9496-97CE-455F-B83D-26EBF0D2F4FB}.Release|x86.ActiveCfg = Release|Win32
		{463E9496-97CE-455F-B83D-26EBF0D2F4FB}.Release|x86.Build.0 = Release|Win32
		{3758C063-E7F9-4A6B-9945-91850587BD56}.Debug|x64.ActiveCfg = Debug|x64
		{3758C063-E7F9-4A6B-9945-91850587BD56}.Debug|x64.Build.0 = Debug|x64
		{3758C063-E7F9-4A6B-9945-91850587BD56}.Debug|x86.ActiveCfg = Debug|Win32
		{3758C063-E7F9-4A6B-9945-91850587BD56}.Debug|x86.Build.0 = Debug|Win32
		{3758C063-E7F9-4A6B-9945-91850587BD56}.Release|x64.ActiveCfg = Release|x64
		{3758C063-E7F9-4A6B-9945-91850587BD56}.Release|x64.Build.0 = Release|x64
		{3758C063-E7F9-4A6B-9945-91850587BD56}.Release|x86.ActiveCfg = Release|Win32
		{3758C063-E7F9-4A6B-9945-91850587BD56}.Release|x86.Build.0 = Release|Win32
		{85C7D41E-8DB2-490C-8F5B-6B3AC3A4D36A}.Debug|x64.ActiveCfg = Debug|x64
		{85C7D41E-8DB2-490C-8F5B-6B3AC3A4D36A}.Debug|x64.Build.0 = Debug|x64
		{85C7D41E-8DB2-490C-8F5B-6B3AC3A4D36A}.Debug|x86.ActiveCfg = Debug|Win32
		{85C7D41E-8DB2-490C-8F5B-6B3AC3A4D36A}.Debug|x86.Build.0 = Debug|Win32
		{85C7D41E-8DB2-490C-8F5B-6B3AC3A4D36A}.Release|x64.ActiveCfg = Release|x64
		{85C7D41E-8DB2-490C-8F5B-6B3AC3A4D36A}.Release|x64.Build.0 = Release|x64
		{85C7D41E-8DB2-490C-8F5B-6B3AC3A4D36A}.Release|x86.ActiveCfg = Release|Win32
		{85C7D41E-8DB2-490C-8F5B-6B3AC3A4D36A}.Release|x86.Build.0 = Release|Win32
		{ED35AB47-A821-47C0-B823-E7D41CC2501B}.Debug|x64.ActiveCfg = Debug|x64
		{ED35AB47-A821-47C0-B823-E7D41CC2501B}.Debug|x64.Build.0 = Debug|x64
		{ED35AB47-A821-47C0-B823-E7D41CC2501B}.Debug|x86.ActiveCfg = Debug|Win32
		{ED35AB47-A821-47C0-B823-E7D41CC2501B}.Debug|x86.Build.0 = Debug|Win32
		{ED35AB47-A821-47C0-B823-E7D41CC2501B}.Release|x64.ActiveCfg = Release|x64
		{ED35AB47-A821-47C0-B823-E7D41CC2501B}.Release|x64.Build.0 = Release|x64
		{ED35AB47-A821-47C0-B823-E7D41CC2501B}.Release|x86.ActiveCfg = Release|Win32
		{ED35AB47-A821-47C0-B823-E7D41CC2501B}.Release|x86.Build.0 = Release|Win32
		{4A96BCF6-1A8A-4A58-835E-EB29285E0C08}.Debug|x64.ActiveCfg = Debug|x64
		{4A96BCF6-1A8A-4A58-835E-EB29285E0C08}.Debug|x64.Build.0 = Debug|x64
		{4A96BCF6-1A8A-4A58-835E-EB29285E0C08}.Debug|x86.ActiveCfg = Debug|Win32
		{4A96BCF6-1A8A-4A58-835E-EB29285E0C08}.Debug|x86.Build.0 = Debug|Win32
		{4A96BCF6-1A8A-4A58-835E-EB29285E0C08}.Release|x64.ActiveCfg = Release|x64
		{4A96BCF6-1A8A-4A58-835E-EB29285E0C08}.Release|x64.Build.0 = Release|x64
		{4A96BCF6-1A8A-4A58-835E-EB29285E0C08}.Release|x86.ActiveCfg = Release|Win32
		{4A96BCF6-1A8A-4A58-835E-EB29285E0C08}.Release|x86.Build.0 = Release|Win32
		{D51C37CE-2E2C-4977-A90C-3EB0339890CA}.Debug|x64.ActiveCfg = Debug|x64
		{D51C37CE-2E2C-4977-A90C-3EB0339890CA}.Debug|x64.Build.0 = Debug|x64
		{D51C37CE-2E2C-4977-A90C-3EB0339890CA}.Debug|x86.ActiveCfg = Debug|Win32
		{D51C37CE-2E2C-4977-A90C-3EB0339890CA}.Debug|x86.Build.0 = Debug|Win32
		{D51C37CE-2E2C-4977-A90C-3EB0339890CA}.Release|x64.ActiveCfg = Release|x64
		{D51C37CE-2E2C-4977-A90C-3EB0339890CA}.Release|x64.Build.0 = Release|x64
		{D51C37CE-2E2C-4977-A90C-3EB0339890CA}.Release|x86.ActiveCfg = Release|Win32
		{D51C37CE-2E2C-4977-A90C-3EB0339890CA}.Release|x86.Build.0 = Release|Win32
		{56744ED6-E3F9-4B17-B3C5-2546B072814A}.Debug|x64.ActiveCfg = Debug|x64
		{56744ED6-E3F9-4B17-B3C5-2546B072814A}.Debug|x64.Build.0 = Debug|x64
		{56744ED6-E3F9-4B17-B3C5-2546B072814A}.Debug|x86.ActiveCfg = Debug|Win32
		{56744ED6-E3F9-4B17-B3C5-2546B072814A}.Debug|x86.Build.0 = Debug|Win32
		{56744ED6-E3F9-4B17-B3C5-2546B072814A}.Release|x64.ActiveCfg = Release|x64
		{56744ED6-E3F9-4B17-B3C5-2546B072814A}.Release|x64.Build.0 = Release|x64
		{56744ED6-E3F9-4B17-B3C5-2546B072814A}.Release|x86.ActiveCfg = Release|Win32
		{56744ED6-E3F9-4B17-B3C5-2546B072814A}.Release|x86.Build.0 = Release|Win32
	EndGlobalSection
	GlobalSection(SolutionProperties) = preSolution
		HideSolutionNode = FALSE
	EndGlobalSection
	GlobalSection(ExtensibilityGlobals) = postSolution
		SolutionGuid = {78CE91B3-5CCA-4D93-896A-2EB9C960872D}
	EndGlobalSection
EndGlobal
