
Microsoft Visual Studio Solution File, Format Version 12.00
# Visual Studio Version 16
VisualStudioVersion = 16.0.31624.102
MinimumVisualStudioVersion = 10.0.40219.1
Project("{8BC9CEB8-8B4A-11D0-8D11-00A0C91BC942}") = "Task1", "Task1\Task1.vcxproj", "{33A73AAC-64B3-4DD6-BC7C-BD761696C1B0}"
EndProject
Project("{8BC9CEB8-8B4A-11D0-8D11-00A0C91BC942}") = "Task2", "Task2\Task2.vcxproj", "{7AD81159-4541-4F97-903C-6FAD191BEB21}"
EndProject
Project("{8BC9CEB8-8B4A-11D0-8D11-00A0C91BC942}") = "Task3", "Task3\Task3.vcxproj", "{EA770734-F07A-4473-B47A-EDACE85048CC}"
EndProject
Project("{8BC9CEB8-8B4A-11D0-8D11-00A0C91BC942}") = "Task4", "Task4\Task4.vcxproj", "{04F3E63F-0242-4360-853A-1027FB7EA997}"
EndProject
Project("{8BC9CEB8-8B4A-11D0-8D11-00A0C91BC942}") = "Task10", "Task10\Task10.vcxproj", "{5920A407-47E6-4876-A3E3-678426C816EF}"
EndProject
Project("{8BC9CEB8-8B4A-11D0-8D11-00A0C91BC942}") = "Task7", "Task7\Task7.vcxproj", "{505A7E88-A794-4600-B002-152F3BF30A3D}"
EndProject
Global
	GlobalSection(SolutionConfigurationPlatforms) = preSolution
		Debug|x64 = Debug|x64
		Debug|x86 = Debug|x86
		Release|x64 = Release|x64
		Release|x86 = Release|x86
	EndGlobalSection
	GlobalSection(ProjectConfigurationPlatforms) = postSolution
		{33A73AAC-64B3-4DD6-BC7C-BD761696C1B0}.Debug|x64.ActiveCfg = Debug|x64
		{33A73AAC-64B3-4DD6-BC7C-BD761696C1B0}.Debug|x64.Build.0 = Debug|x64
		{33A73AAC-64B3-4DD6-BC7C-BD761696C1B0}.Debug|x86.ActiveCfg = Debug|Win32
		{33A73AAC-64B3-4DD6-BC7C-BD761696C1B0}.Debug|x86.Build.0 = Debug|Win32
		{33A73AAC-64B3-4DD6-BC7C-BD761696C1B0}.Release|x64.ActiveCfg = Release|x64
		{33A73AAC-64B3-4DD6-BC7C-BD761696C1B0}.Release|x64.Build.0 = Release|x64
		{33A73AAC-64B3-4DD6-BC7C-BD761696C1B0}.Release|x86.ActiveCfg = Release|Win32
		{33A73AAC-64B3-4DD6-BC7C-BD761696C1B0}.Release|x86.Build.0 = Release|Win32
		{7AD81159-4541-4F97-903C-6FAD191BEB21}.Debug|x64.ActiveCfg = Debug|x64
		{7AD81159-4541-4F97-903C-6FAD191BEB21}.Debug|x64.Build.0 = Debug|x64
		{7AD81159-4541-4F97-903C-6FAD191BEB21}.Debug|x86.ActiveCfg = Debug|Win32
		{7AD81159-4541-4F97-903C-6FAD191BEB21}.Debug|x86.Build.0 = Debug|Win32
		{7AD81159-4541-4F97-903C-6FAD191BEB21}.Release|x64.ActiveCfg = Release|x64
		{7AD81159-4541-4F97-903C-6FAD191BEB21}.Release|x64.Build.0 = Release|x64
		{7AD81159-4541-4F97-903C-6FAD191BEB21}.Release|x86.ActiveCfg = Release|Win32
		{7AD81159-4541-4F97-903C-6FAD191BEB21}.Release|x86.Build.0 = Release|Win32
		{EA770734-F07A-4473-B47A-EDACE85048CC}.Debug|x64.ActiveCfg = Debug|x64
		{EA770734-F07A-4473-B47A-EDACE85048CC}.Debug|x64.Build.0 = Debug|x64
		{EA770734-F07A-4473-B47A-EDACE85048CC}.Debug|x86.ActiveCfg = Debug|Win32
		{EA770734-F07A-4473-B47A-EDACE85048CC}.Debug|x86.Build.0 = Debug|Win32
		{EA770734-F07A-4473-B47A-EDACE85048CC}.Release|x64.ActiveCfg = Release|x64
		{EA770734-F07A-4473-B47A-EDACE85048CC}.Release|x64.Build.0 = Release|x64
		{EA770734-F07A-4473-B47A-EDACE85048CC}.Release|x86.ActiveCfg = Release|Win32
		{EA770734-F07A-4473-B47A-EDACE85048CC}.Release|x86.Build.0 = Release|Win32
		{04F3E63F-0242-4360-853A-1027FB7EA997}.Debug|x64.ActiveCfg = Debug|x64
		{04F3E63F-0242-4360-853A-1027FB7EA997}.Debug|x64.Build.0 = Debug|x64
		{04F3E63F-0242-4360-853A-1027FB7EA997}.Debug|x86.ActiveCfg = Debug|Win32
		{04F3E63F-0242-4360-853A-1027FB7EA997}.Debug|x86.Build.0 = Debug|Win32
		{04F3E63F-0242-4360-853A-1027FB7EA997}.Release|x64.ActiveCfg = Release|x64
		{04F3E63F-0242-4360-853A-1027FB7EA997}.Release|x64.Build.0 = Release|x64
		{04F3E63F-0242-4360-853A-1027FB7EA997}.Release|x86.ActiveCfg = Release|Win32
		{04F3E63F-0242-4360-853A-1027FB7EA997}.Release|x86.Build.0 = Release|Win32
		{5920A407-47E6-4876-A3E3-678426C816EF}.Debug|x64.ActiveCfg = Debug|x64
		{5920A407-47E6-4876-A3E3-678426C816EF}.Debug|x64.Build.0 = Debug|x64
		{5920A407-47E6-4876-A3E3-678426C816EF}.Debug|x86.ActiveCfg = Debug|Win32
		{5920A407-47E6-4876-A3E3-678426C816EF}.Debug|x86.Build.0 = Debug|Win32
		{5920A407-47E6-4876-A3E3-678426C816EF}.Release|x64.ActiveCfg = Release|x64
		{5920A407-47E6-4876-A3E3-678426C816EF}.Release|x64.Build.0 = Release|x64
		{5920A407-47E6-4876-A3E3-678426C816EF}.Release|x86.ActiveCfg = Release|Win32
		{5920A407-47E6-4876-A3E3-678426C816EF}.Release|x86.Build.0 = Release|Win32
		{505A7E88-A794-4600-B002-152F3BF30A3D}.Debug|x64.ActiveCfg = Debug|x64
		{505A7E88-A794-4600-B002-152F3BF30A3D}.Debug|x64.Build.0 = Debug|x64
		{505A7E88-A794-4600-B002-152F3BF30A3D}.Debug|x86.ActiveCfg = Debug|Win32
		{505A7E88-A794-4600-B002-152F3BF30A3D}.Debug|x86.Build.0 = Debug|Win32
		{505A7E88-A794-4600-B002-152F3BF30A3D}.Release|x64.ActiveCfg = Release|x64
		{505A7E88-A794-4600-B002-152F3BF30A3D}.Release|x64.Build.0 = Release|x64
		{505A7E88-A794-4600-B002-152F3BF30A3D}.Release|x86.ActiveCfg = Release|Win32
		{505A7E88-A794-4600-B002-152F3BF30A3D}.Release|x86.Build.0 = Release|Win32
	EndGlobalSection
	GlobalSection(SolutionProperties) = preSolution
		HideSolutionNode = FALSE
	EndGlobalSection
	GlobalSection(ExtensibilityGlobals) = postSolution
		SolutionGuid = {F3CC2A7B-B55C-401E-A4BE-DF542D7DAF06}
	EndGlobalSection
EndGlobal
