
Microsoft Visual Studio Solution File, Format Version 12.00
# Visual Studio Version 16
VisualStudioVersion = 16.0.31624.102
MinimumVisualStudioVersion = 10.0.40219.1
Project("{8BC9CEB8-8B4A-11D0-8D11-00A0C91BC942}") = "Task01", "Task01\Task01.vcxproj", "{E3AB791D-48EC-4E11-999E-981E8F529177}"
EndProject
Project("{8BC9CEB8-8B4A-11D0-8D11-00A0C91BC942}") = "Task02", "Task02\Task02.vcxproj", "{37CA8CE7-0FC7-49EA-94CB-6DA8D9A992F9}"
EndProject
Project("{8BC9CEB8-8B4A-11D0-8D11-00A0C91BC942}") = "Task03", "Task03\Task03.vcxproj", "{3EBC3E69-D2C6-4E69-AE6E-A0E931F59D7D}"
EndProject
Project("{8BC9CEB8-8B4A-11D0-8D11-00A0C91BC942}") = "Task04", "Task04\Task04.vcxproj", "{159633A5-788A-4F6E-A805-0965F9EB8F6B}"
EndProject
Project("{8BC9CEB8-8B4A-11D0-8D11-00A0C91BC942}") = "Task05", "Task05\Task05.vcxproj", "{5EC57766-12F2-4CF5-A462-63B873AE1400}"
EndProject
Project("{8BC9CEB8-8B4A-11D0-8D11-00A0C91BC942}") = "Task06", "Task06\Task06.vcxproj", "{C3E149EE-E53E-4047-91A9-4969BAF058D0}"
EndProject
Project("{8BC9CEB8-8B4A-11D0-8D11-00A0C91BC942}") = "Task07", "Task07\Task07.vcxproj", "{1022DE95-5CF7-485F-90E4-814BA55108CC}"
EndProject
Project("{8BC9CEB8-8B4A-11D0-8D11-00A0C91BC942}") = "Task08", "Task08\Task08.vcxproj", "{A21C5BFE-1A22-4DB2-8EF2-8A1F88AF4517}"
EndProject
Project("{8BC9CEB8-8B4A-11D0-8D11-00A0C91BC942}") = "Task09", "Task09\Task09.vcxproj", "{A281A2A7-3AEC-4092-B3F8-4477840994AD}"
EndProject
Project("{8BC9CEB8-8B4A-11D0-8D11-00A0C91BC942}") = "Task10", "Task10\Task10.vcxproj", "{098227B1-FFA7-4319-AEA9-06887ECEC471}"
EndProject
Global
	GlobalSection(SolutionConfigurationPlatforms) = preSolution
		Debug|x64 = Debug|x64
		Debug|x86 = Debug|x86
		Release|x64 = Release|x64
		Release|x86 = Release|x86
	EndGlobalSection
	GlobalSection(ProjectConfigurationPlatforms) = postSolution
		{E3AB791D-48EC-4E11-999E-981E8F529177}.Debug|x64.ActiveCfg = Debug|x64
		{E3AB791D-48EC-4E11-999E-981E8F529177}.Debug|x64.Build.0 = Debug|x64
		{E3AB791D-48EC-4E11-999E-981E8F529177}.Debug|x86.ActiveCfg = Debug|Win32
		{E3AB791D-48EC-4E11-999E-981E8F529177}.Debug|x86.Build.0 = Debug|Win32
		{E3AB791D-48EC-4E11-999E-981E8F529177}.Release|x64.ActiveCfg = Release|x64
		{E3AB791D-48EC-4E11-999E-981E8F529177}.Release|x64.Build.0 = Release|x64
		{E3AB791D-48EC-4E11-999E-981E8F529177}.Release|x86.ActiveCfg = Release|Win32
		{E3AB791D-48EC-4E11-999E-981E8F529177}.Release|x86.Build.0 = Release|Win32
		{37CA8CE7-0FC7-49EA-94CB-6DA8D9A992F9}.Debug|x64.ActiveCfg = Debug|x64
		{37CA8CE7-0FC7-49EA-94CB-6DA8D9A992F9}.Debug|x64.Build.0 = Debug|x64
		{37CA8CE7-0FC7-49EA-94CB-6DA8D9A992F9}.Debug|x86.ActiveCfg = Debug|Win32
		{37CA8CE7-0FC7-49EA-94CB-6DA8D9A992F9}.Debug|x86.Build.0 = Debug|Win32
		{37CA8CE7-0FC7-49EA-94CB-6DA8D9A992F9}.Release|x64.ActiveCfg = Release|x64
		{37CA8CE7-0FC7-49EA-94CB-6DA8D9A992F9}.Release|x64.Build.0 = Release|x64
		{37CA8CE7-0FC7-49EA-94CB-6DA8D9A992F9}.Release|x86.ActiveCfg = Release|Win32
		{37CA8CE7-0FC7-49EA-94CB-6DA8D9A992F9}.Release|x86.Build.0 = Release|Win32
		{3EBC3E69-D2C6-4E69-AE6E-A0E931F59D7D}.Debug|x64.ActiveCfg = Debug|x64
		{3EBC3E69-D2C6-4E69-AE6E-A0E931F59D7D}.Debug|x64.Build.0 = Debug|x64
		{3EBC3E69-D2C6-4E69-AE6E-A0E931F59D7D}.Debug|x86.ActiveCfg = Debug|Win32
		{3EBC3E69-D2C6-4E69-AE6E-A0E931F59D7D}.Debug|x86.Build.0 = Debug|Win32
		{3EBC3E69-D2C6-4E69-AE6E-A0E931F59D7D}.Release|x64.ActiveCfg = Release|x64
		{3EBC3E69-D2C6-4E69-AE6E-A0E931F59D7D}.Release|x64.Build.0 = Release|x64
		{3EBC3E69-D2C6-4E69-AE6E-A0E931F59D7D}.Release|x86.ActiveCfg = Release|Win32
		{3EBC3E69-D2C6-4E69-AE6E-A0E931F59D7D}.Release|x86.Build.0 = Release|Win32
		{159633A5-788A-4F6E-A805-0965F9EB8F6B}.Debug|x64.ActiveCfg = Debug|x64
		{159633A5-788A-4F6E-A805-0965F9EB8F6B}.Debug|x64.Build.0 = Debug|x64
		{159633A5-788A-4F6E-A805-0965F9EB8F6B}.Debug|x86.ActiveCfg = Debug|Win32
		{159633A5-788A-4F6E-A805-0965F9EB8F6B}.Debug|x86.Build.0 = Debug|Win32
		{159633A5-788A-4F6E-A805-0965F9EB8F6B}.Release|x64.ActiveCfg = Release|x64
		{159633A5-788A-4F6E-A805-0965F9EB8F6B}.Release|x64.Build.0 = Release|x64
		{159633A5-788A-4F6E-A805-0965F9EB8F6B}.Release|x86.ActiveCfg = Release|Win32
		{159633A5-788A-4F6E-A805-0965F9EB8F6B}.Release|x86.Build.0 = Release|Win32
		{5EC57766-12F2-4CF5-A462-63B873AE1400}.Debug|x64.ActiveCfg = Debug|x64
		{5EC57766-12F2-4CF5-A462-63B873AE1400}.Debug|x64.Build.0 = Debug|x64
		{5EC57766-12F2-4CF5-A462-63B873AE1400}.Debug|x86.ActiveCfg = Debug|Win32
		{5EC57766-12F2-4CF5-A462-63B873AE1400}.Debug|x86.Build.0 = Debug|Win32
		{5EC57766-12F2-4CF5-A462-63B873AE1400}.Release|x64.ActiveCfg = Release|x64
		{5EC57766-12F2-4CF5-A462-63B873AE1400}.Release|x64.Build.0 = Release|x64
		{5EC57766-12F2-4CF5-A462-63B873AE1400}.Release|x86.ActiveCfg = Release|Win32
		{5EC57766-12F2-4CF5-A462-63B873AE1400}.Release|x86.Build.0 = Release|Win32
		{C3E149EE-E53E-4047-91A9-4969BAF058D0}.Debug|x64.ActiveCfg = Debug|x64
		{C3E149EE-E53E-4047-91A9-4969BAF058D0}.Debug|x64.Build.0 = Debug|x64
		{C3E149EE-E53E-4047-91A9-4969BAF058D0}.Debug|x86.ActiveCfg = Debug|Win32
		{C3E149EE-E53E-4047-91A9-4969BAF058D0}.Debug|x86.Build.0 = Debug|Win32
		{C3E149EE-E53E-4047-91A9-4969BAF058D0}.Release|x64.ActiveCfg = Release|x64
		{C3E149EE-E53E-4047-91A9-4969BAF058D0}.Release|x64.Build.0 = Release|x64
		{C3E149EE-E53E-4047-91A9-4969BAF058D0}.Release|x86.ActiveCfg = Release|Win32
		{C3E149EE-E53E-4047-91A9-4969BAF058D0}.Release|x86.Build.0 = Release|Win32
		{1022DE95-5CF7-485F-90E4-814BA55108CC}.Debug|x64.ActiveCfg = Debug|x64
		{1022DE95-5CF7-485F-90E4-814BA55108CC}.Debug|x64.Build.0 = Debug|x64
		{1022DE95-5CF7-485F-90E4-814BA55108CC}.Debug|x86.ActiveCfg = Debug|Win32
		{1022DE95-5CF7-485F-90E4-814BA55108CC}.Debug|x86.Build.0 = Debug|Win32
		{1022DE95-5CF7-485F-90E4-814BA55108CC}.Release|x64.ActiveCfg = Release|x64
		{1022DE95-5CF7-485F-90E4-814BA55108CC}.Release|x64.Build.0 = Release|x64
		{1022DE95-5CF7-485F-90E4-814BA55108CC}.Release|x86.ActiveCfg = Release|Win32
		{1022DE95-5CF7-485F-90E4-814BA55108CC}.Release|x86.Build.0 = Release|Win32
		{A21C5BFE-1A22-4DB2-8EF2-8A1F88AF4517}.Debug|x64.ActiveCfg = Debug|x64
		{A21C5BFE-1A22-4DB2-8EF2-8A1F88AF4517}.Debug|x64.Build.0 = Debug|x64
		{A21C5BFE-1A22-4DB2-8EF2-8A1F88AF4517}.Debug|x86.ActiveCfg = Debug|Win32
		{A21C5BFE-1A22-4DB2-8EF2-8A1F88AF4517}.Debug|x86.Build.0 = Debug|Win32
		{A21C5BFE-1A22-4DB2-8EF2-8A1F88AF4517}.Release|x64.ActiveCfg = Release|x64
		{A21C5BFE-1A22-4DB2-8EF2-8A1F88AF4517}.Release|x64.Build.0 = Release|x64
		{A21C5BFE-1A22-4DB2-8EF2-8A1F88AF4517}.Release|x86.ActiveCfg = Release|Win32
		{A21C5BFE-1A22-4DB2-8EF2-8A1F88AF4517}.Release|x86.Build.0 = Release|Win32
		{A281A2A7-3AEC-4092-B3F8-4477840994AD}.Debug|x64.ActiveCfg = Debug|x64
		{A281A2A7-3AEC-4092-B3F8-4477840994AD}.Debug|x64.Build.0 = Debug|x64
		{A281A2A7-3AEC-4092-B3F8-4477840994AD}.Debug|x86.ActiveCfg = Debug|Win32
		{A281A2A7-3AEC-4092-B3F8-4477840994AD}.Debug|x86.Build.0 = Debug|Win32
		{A281A2A7-3AEC-4092-B3F8-4477840994AD}.Release|x64.ActiveCfg = Release|x64
		{A281A2A7-3AEC-4092-B3F8-4477840994AD}.Release|x64.Build.0 = Release|x64
		{A281A2A7-3AEC-4092-B3F8-4477840994AD}.Release|x86.ActiveCfg = Release|Win32
		{A281A2A7-3AEC-4092-B3F8-4477840994AD}.Release|x86.Build.0 = Release|Win32
		{098227B1-FFA7-4319-AEA9-06887ECEC471}.Debug|x64.ActiveCfg = Debug|x64
		{098227B1-FFA7-4319-AEA9-06887ECEC471}.Debug|x64.Build.0 = Debug|x64
		{098227B1-FFA7-4319-AEA9-06887ECEC471}.Debug|x86.ActiveCfg = Debug|Win32
		{098227B1-FFA7-4319-AEA9-06887ECEC471}.Debug|x86.Build.0 = Debug|Win32
		{098227B1-FFA7-4319-AEA9-06887ECEC471}.Release|x64.ActiveCfg = Release|x64
		{098227B1-FFA7-4319-AEA9-06887ECEC471}.Release|x64.Build.0 = Release|x64
		{098227B1-FFA7-4319-AEA9-06887ECEC471}.Release|x86.ActiveCfg = Release|Win32
		{098227B1-FFA7-4319-AEA9-06887ECEC471}.Release|x86.Build.0 = Release|Win32
	EndGlobalSection
	GlobalSection(SolutionProperties) = preSolution
		HideSolutionNode = FALSE
	EndGlobalSection
	GlobalSection(ExtensibilityGlobals) = postSolution
		SolutionGuid = {F6E96715-BFB8-4120-A5FF-8D078F5A9EEA}
	EndGlobalSection
EndGlobal
