
Microsoft Visual Studio Solution File, Format Version 12.00
# Visual Studio Version 16
VisualStudioVersion = 16.0.31624.102
MinimumVisualStudioVersion = 10.0.40219.1
Project("{8BC9CEB8-8B4A-11D0-8D11-00A0C91BC942}") = "Project1", "Project1\Project1.vcxproj", "{6437EB71-2739-41D4-8B82-A73349E2E252}"
EndProject
Project("{8BC9CEB8-8B4A-11D0-8D11-00A0C91BC942}") = "Project2", "Project2\Project2.vcxproj", "{D2B049B1-344C-4E79-B4FF-E7A4764C82FC}"
EndProject
Project("{8BC9CEB8-8B4A-11D0-8D11-00A0C91BC942}") = "Project3", "Project3\Project3.vcxproj", "{F5A5279B-B0CB-4522-9C4F-194D6063ACD7}"
EndProject
Project("{8BC9CEB8-8B4A-11D0-8D11-00A0C91BC942}") = "Project4", "Project4\Project4.vcxproj", "{C0306574-34A2-47FE-B526-E4028190DC67}"
EndProject
Project("{8BC9CEB8-8B4A-11D0-8D11-00A0C91BC942}") = "Project5", "Project5\Project5.vcxproj", "{6F07ACB4-5F01-4D70-845C-8B59961C8B23}"
EndProject
Project("{8BC9CEB8-8B4A-11D0-8D11-00A0C91BC942}") = "Project6", "Project6\Project6.vcxproj", "{2846850D-1386-46F8-89BC-EE272A599DBD}"
EndProject
Project("{8BC9CEB8-8B4A-11D0-8D11-00A0C91BC942}") = "Project7", "Project7\Project7.vcxproj", "{A9068826-62F4-4DBE-BF55-8C7CDEF61923}"
EndProject
Project("{8BC9CEB8-8B4A-11D0-8D11-00A0C91BC942}") = "Project8", "Project8\Project8.vcxproj", "{8025F433-6446-4B84-8B85-E2D296AD867A}"
EndProject
Project("{8BC9CEB8-8B4A-11D0-8D11-00A0C91BC942}") = "Project9", "Project9\Project9.vcxproj", "{676CFE2F-8B30-4906-8906-D24FDB4F946B}"
EndProject
Project("{8BC9CEB8-8B4A-11D0-8D11-00A0C91BC942}") = "Project10", "Project10\Project10.vcxproj", "{F1D7C00B-4430-400C-8737-C4353EBF7F8B}"
EndProject
Global
	GlobalSection(SolutionConfigurationPlatforms) = preSolution
		Debug|x64 = Debug|x64
		Debug|x86 = Debug|x86
		Release|x64 = Release|x64
		Release|x86 = Release|x86
	EndGlobalSection
	GlobalSection(ProjectConfigurationPlatforms) = postSolution
		{6437EB71-2739-41D4-8B82-A73349E2E252}.Debug|x64.ActiveCfg = Debug|x64
		{6437EB71-2739-41D4-8B82-A73349E2E252}.Debug|x64.Build.0 = Debug|x64
		{6437EB71-2739-41D4-8B82-A73349E2E252}.Debug|x86.ActiveCfg = Debug|Win32
		{6437EB71-2739-41D4-8B82-A73349E2E252}.Debug|x86.Build.0 = Debug|Win32
		{6437EB71-2739-41D4-8B82-A73349E2E252}.Release|x64.ActiveCfg = Release|x64
		{6437EB71-2739-41D4-8B82-A73349E2E252}.Release|x64.Build.0 = Release|x64
		{6437EB71-2739-41D4-8B82-A73349E2E252}.Release|x86.ActiveCfg = Release|Win32
		{6437EB71-2739-41D4-8B82-A73349E2E252}.Release|x86.Build.0 = Release|Win32
		{D2B049B1-344C-4E79-B4FF-E7A4764C82FC}.Debug|x64.ActiveCfg = Debug|x64
		{D2B049B1-344C-4E79-B4FF-E7A4764C82FC}.Debug|x64.Build.0 = Debug|x64
		{D2B049B1-344C-4E79-B4FF-E7A4764C82FC}.Debug|x86.ActiveCfg = Debug|Win32
		{D2B049B1-344C-4E79-B4FF-E7A4764C82FC}.Debug|x86.Build.0 = Debug|Win32
		{D2B049B1-344C-4E79-B4FF-E7A4764C82FC}.Release|x64.ActiveCfg = Release|x64
		{D2B049B1-344C-4E79-B4FF-E7A4764C82FC}.Release|x64.Build.0 = Release|x64
		{D2B049B1-344C-4E79-B4FF-E7A4764C82FC}.Release|x86.ActiveCfg = Release|Win32
		{D2B049B1-344C-4E79-B4FF-E7A4764C82FC}.Release|x86.Build.0 = Release|Win32
		{F5A5279B-B0CB-4522-9C4F-194D6063ACD7}.Debug|x64.ActiveCfg = Debug|x64
		{F5A5279B-B0CB-4522-9C4F-194D6063ACD7}.Debug|x64.Build.0 = Debug|x64
		{F5A5279B-B0CB-4522-9C4F-194D6063ACD7}.Debug|x86.ActiveCfg = Debug|Win32
		{F5A5279B-B0CB-4522-9C4F-194D6063ACD7}.Debug|x86.Build.0 = Debug|Win32
		{F5A5279B-B0CB-4522-9C4F-194D6063ACD7}.Release|x64.ActiveCfg = Release|x64
		{F5A5279B-B0CB-4522-9C4F-194D6063ACD7}.Release|x64.Build.0 = Release|x64
		{F5A5279B-B0CB-4522-9C4F-194D6063ACD7}.Release|x86.ActiveCfg = Release|Win32
		{F5A5279B-B0CB-4522-9C4F-194D6063ACD7}.Release|x86.Build.0 = Release|Win32
		{C0306574-34A2-47FE-B526-E4028190DC67}.Debug|x64.ActiveCfg = Debug|x64
		{C0306574-34A2-47FE-B526-E4028190DC67}.Debug|x64.Build.0 = Debug|x64
		{C0306574-34A2-47FE-B526-E4028190DC67}.Debug|x86.ActiveCfg = Debug|Win32
		{C0306574-34A2-47FE-B526-E4028190DC67}.Debug|x86.Build.0 = Debug|Win32
		{C0306574-34A2-47FE-B526-E4028190DC67}.Release|x64.ActiveCfg = Release|x64
		{C0306574-34A2-47FE-B526-E4028190DC67}.Release|x64.Build.0 = Release|x64
		{C0306574-34A2-47FE-B526-E4028190DC67}.Release|x86.ActiveCfg = Release|Win32
		{C0306574-34A2-47FE-B526-E4028190DC67}.Release|x86.Build.0 = Release|Win32
		{6F07ACB4-5F01-4D70-845C-8B59961C8B23}.Debug|x64.ActiveCfg = Debug|x64
		{6F07ACB4-5F01-4D70-845C-8B59961C8B23}.Debug|x64.Build.0 = Debug|x64
		{6F07ACB4-5F01-4D70-845C-8B59961C8B23}.Debug|x86.ActiveCfg = Debug|Win32
		{6F07ACB4-5F01-4D70-845C-8B59961C8B23}.Debug|x86.Build.0 = Debug|Win32
		{6F07ACB4-5F01-4D70-845C-8B59961C8B23}.Release|x64.ActiveCfg = Release|x64
		{6F07ACB4-5F01-4D70-845C-8B59961C8B23}.Release|x64.Build.0 = Release|x64
		{6F07ACB4-5F01-4D70-845C-8B59961C8B23}.Release|x86.ActiveCfg = Release|Win32
		{6F07ACB4-5F01-4D70-845C-8B59961C8B23}.Release|x86.Build.0 = Release|Win32
		{2846850D-1386-46F8-89BC-EE272A599DBD}.Debug|x64.ActiveCfg = Debug|x64
		{2846850D-1386-46F8-89BC-EE272A599DBD}.Debug|x64.Build.0 = Debug|x64
		{2846850D-1386-46F8-89BC-EE272A599DBD}.Debug|x86.ActiveCfg = Debug|Win32
		{2846850D-1386-46F8-89BC-EE272A599DBD}.Debug|x86.Build.0 = Debug|Win32
		{2846850D-1386-46F8-89BC-EE272A599DBD}.Release|x64.ActiveCfg = Release|x64
		{2846850D-1386-46F8-89BC-EE272A599DBD}.Release|x64.Build.0 = Release|x64
		{2846850D-1386-46F8-89BC-EE272A599DBD}.Release|x86.ActiveCfg = Release|Win32
		{2846850D-1386-46F8-89BC-EE272A599DBD}.Release|x86.Build.0 = Release|Win32
		{A9068826-62F4-4DBE-BF55-8C7CDEF61923}.Debug|x64.ActiveCfg = Debug|x64
		{A9068826-62F4-4DBE-BF55-8C7CDEF61923}.Debug|x64.Build.0 = Debug|x64
		{A9068826-62F4-4DBE-BF55-8C7CDEF61923}.Debug|x86.ActiveCfg = Debug|Win32
		{A9068826-62F4-4DBE-BF55-8C7CDEF61923}.Debug|x86.Build.0 = Debug|Win32
		{A9068826-62F4-4DBE-BF55-8C7CDEF61923}.Release|x64.ActiveCfg = Release|x64
		{A9068826-62F4-4DBE-BF55-8C7CDEF61923}.Release|x64.Build.0 = Release|x64
		{A9068826-62F4-4DBE-BF55-8C7CDEF61923}.Release|x86.ActiveCfg = Release|Win32
		{A9068826-62F4-4DBE-BF55-8C7CDEF61923}.Release|x86.Build.0 = Release|Win32
		{8025F433-6446-4B84-8B85-E2D296AD867A}.Debug|x64.ActiveCfg = Debug|x64
		{8025F433-6446-4B84-8B85-E2D296AD867A}.Debug|x64.Build.0 = Debug|x64
		{8025F433-6446-4B84-8B85-E2D296AD867A}.Debug|x86.ActiveCfg = Debug|Win32
		{8025F433-6446-4B84-8B85-E2D296AD867A}.Debug|x86.Build.0 = Debug|Win32
		{8025F433-6446-4B84-8B85-E2D296AD867A}.Release|x64.ActiveCfg = Release|x64
		{8025F433-6446-4B84-8B85-E2D296AD867A}.Release|x64.Build.0 = Release|x64
		{8025F433-6446-4B84-8B85-E2D296AD867A}.Release|x86.ActiveCfg = Release|Win32
		{8025F433-6446-4B84-8B85-E2D296AD867A}.Release|x86.Build.0 = Release|Win32
		{676CFE2F-8B30-4906-8906-D24FDB4F946B}.Debug|x64.ActiveCfg = Debug|x64
		{676CFE2F-8B30-4906-8906-D24FDB4F946B}.Debug|x64.Build.0 = Debug|x64
		{676CFE2F-8B30-4906-8906-D24FDB4F946B}.Debug|x86.ActiveCfg = Debug|Win32
		{676CFE2F-8B30-4906-8906-D24FDB4F946B}.Debug|x86.Build.0 = Debug|Win32
		{676CFE2F-8B30-4906-8906-D24FDB4F946B}.Release|x64.ActiveCfg = Release|x64
		{676CFE2F-8B30-4906-8906-D24FDB4F946B}.Release|x64.Build.0 = Release|x64
		{676CFE2F-8B30-4906-8906-D24FDB4F946B}.Release|x86.ActiveCfg = Release|Win32
		{676CFE2F-8B30-4906-8906-D24FDB4F946B}.Release|x86.Build.0 = Release|Win32
		{F1D7C00B-4430-400C-8737-C4353EBF7F8B}.Debug|x64.ActiveCfg = Debug|x64
		{F1D7C00B-4430-400C-8737-C4353EBF7F8B}.Debug|x64.Build.0 = Debug|x64
		{F1D7C00B-4430-400C-8737-C4353EBF7F8B}.Debug|x86.ActiveCfg = Debug|Win32
		{F1D7C00B-4430-400C-8737-C4353EBF7F8B}.Debug|x86.Build.0 = Debug|Win32
		{F1D7C00B-4430-400C-8737-C4353EBF7F8B}.Release|x64.ActiveCfg = Release|x64
		{F1D7C00B-4430-400C-8737-C4353EBF7F8B}.Release|x64.Build.0 = Release|x64
		{F1D7C00B-4430-400C-8737-C4353EBF7F8B}.Release|x86.ActiveCfg = Release|Win32
		{F1D7C00B-4430-400C-8737-C4353EBF7F8B}.Release|x86.Build.0 = Release|Win32
	EndGlobalSection
	GlobalSection(SolutionProperties) = preSolution
		HideSolutionNode = FALSE
	EndGlobalSection
	GlobalSection(ExtensibilityGlobals) = postSolution
		SolutionGuid = {BC91B47E-F427-4EA4-B570-DC4266E27375}
	EndGlobalSection
EndGlobal
